
Microsoft Visual Studio Solution File, Format Version 12.00
# Visual Studio Version 16
VisualStudioVersion = 16.0.32228.343
MinimumVisualStudioVersion = 10.0.40219.1
Project("{F184B08F-C81C-45F6-A57F-5ABD9991F28F}") = "Ejercicio4Adicional", "Ejercicio4Adicional.vbproj", "{4FFB6E8F-2DD2-4769-B0FE-D045566683C7}"
EndProject
Global
	GlobalSection(SolutionConfigurationPlatforms) = preSolution
		Debug|Any CPU = Debug|Any CPU
		Release|Any CPU = Release|Any CPU
	EndGlobalSection
	GlobalSection(ProjectConfigurationPlatforms) = postSolution
		{4FFB6E8F-2DD2-4769-B0FE-D045566683C7}.Debug|Any CPU.ActiveCfg = Debug|Any CPU
		{4FFB6E8F-2DD2-4769-B0FE-D045566683C7}.Debug|Any CPU.Build.0 = Debug|Any CPU
		{4FFB6E8F-2DD2-4769-B0FE-D045566683C7}.Release|Any CPU.ActiveCfg = Release|Any CPU
		{4FFB6E8F-2DD2-4769-B0FE-D045566683C7}.Release|Any CPU.Build.0 = Release|Any CPU
	EndGlobalSection
	GlobalSection(SolutionProperties) = preSolution
		HideSolutionNode = FALSE
	EndGlobalSection
	GlobalSection(ExtensibilityGlobals) = postSolution
		SolutionGuid = {FE632E68-2DD1-4B30-B82F-0591FDB21D61}
	EndGlobalSection
EndGlobal
