
Microsoft Visual Studio Solution File, Format Version 12.00
# Visual Studio Version 16
VisualStudioVersion = 16.0.32228.343
MinimumVisualStudioVersion = 10.0.40219.1
Project("{F184B08F-C81C-45F6-A57F-5ABD9991F28F}") = "Ejemplo7", "Ejemplo7.vbproj", "{10266403-D747-4B02-B804-A9898C876C70}"
EndProject
Global
	GlobalSection(SolutionConfigurationPlatforms) = preSolution
		Debug|Any CPU = Debug|Any CPU
		Release|Any CPU = Release|Any CPU
	EndGlobalSection
	GlobalSection(ProjectConfigurationPlatforms) = postSolution
		{10266403-D747-4B02-B804-A9898C876C70}.Debug|Any CPU.ActiveCfg = Debug|Any CPU
		{10266403-D747-4B02-B804-A9898C876C70}.Debug|Any CPU.Build.0 = Debug|Any CPU
		{10266403-D747-4B02-B804-A9898C876C70}.Release|Any CPU.ActiveCfg = Release|Any CPU
		{10266403-D747-4B02-B804-A9898C876C70}.Release|Any CPU.Build.0 = Release|Any CPU
	EndGlobalSection
	GlobalSection(SolutionProperties) = preSolution
		HideSolutionNode = FALSE
	EndGlobalSection
	GlobalSection(ExtensibilityGlobals) = postSolution
		SolutionGuid = {95DEEC0E-7327-4D2B-8EA7-0901A0F3C685}
	EndGlobalSection
EndGlobal
